
Microsoft Visual Studio Solution File, Format Version 12.00
# Visual Studio Version 16
VisualStudioVersion = 16.0.30225.117
MinimumVisualStudioVersion = 10.0.40219.1
Project("{9092AA53-FB77-4645-B42D-1CCCA6BD08BD}") = "NodejsConsoleApp1", "NodejsConsoleApp1.njsproj", "{21FAD016-4F4B-41DC-A759-725D3DB54698}"
EndProject
Global
	GlobalSection(SolutionConfigurationPlatforms) = preSolution
		Debug|Any CPU = Debug|Any CPU
		Release|Any CPU = Release|Any CPU
	EndGlobalSection
	GlobalSection(ProjectConfigurationPlatforms) = postSolution
		{21FAD016-4F4B-41DC-A759-725D3DB54698}.Debug|Any CPU.ActiveCfg = Debug|Any CPU
		{21FAD016-4F4B-41DC-A759-725D3DB54698}.Debug|Any CPU.Build.0 = Debug|Any CPU
		{21FAD016-4F4B-41DC-A759-725D3DB54698}.Release|Any CPU.ActiveCfg = Release|Any CPU
		{21FAD016-4F4B-41DC-A759-725D3DB54698}.Release|Any CPU.Build.0 = Release|Any CPU
	EndGlobalSection
	GlobalSection(SolutionProperties) = preSolution
		HideSolutionNode = FALSE
	EndGlobalSection
	GlobalSection(ExtensibilityGlobals) = postSolution
		SolutionGuid = {65642AE9-59E4-47A9-866D-5C3CA9102197}
	EndGlobalSection
EndGlobal
